
Microsoft Visual Studio Solution File, Format Version 12.00
# Visual Studio Version 16
VisualStudioVersion = 16.0.34114.132
MinimumVisualStudioVersion = 10.0.40219.1
Project("{8BC9CEB8-8B4A-11D0-8D11-00A0C91BC942}") = "game", "game\game.vcxproj", "{E10086C1-633A-4C4E-8640-A92CC9CE30C3}"
EndProject
Global
	GlobalSection(SolutionConfigurationPlatforms) = preSolution
		Debug|x64 = Debug|x64
		Debug|x86 = Debug|x86
		Release|x64 = Release|x64
		Release|x86 = Release|x86
	EndGlobalSection
	GlobalSection(ProjectConfigurationPlatforms) = postSolution
		{E10086C1-633A-4C4E-8640-A92CC9CE30C3}.Debug|x64.ActiveCfg = Debug|x64
		{E10086C1-633A-4C4E-8640-A92CC9CE30C3}.Debug|x64.Build.0 = Debug|x64
		{E10086C1-633A-4C4E-8640-A92CC9CE30C3}.Debug|x86.ActiveCfg = Debug|Win32
		{E10086C1-633A-4C4E-8640-A92CC9CE30C3}.Debug|x86.Build.0 = Debug|Win32
		{E10086C1-633A-4C4E-8640-A92CC9CE30C3}.Release|x64.ActiveCfg = Release|x64
		{E10086C1-633A-4C4E-8640-A92CC9CE30C3}.Release|x64.Build.0 = Release|x64
		{E10086C1-633A-4C4E-8640-A92CC9CE30C3}.Release|x86.ActiveCfg = Release|Win32
		{E10086C1-633A-4C4E-8640-A92CC9CE30C3}.Release|x86.Build.0 = Release|Win32
		{8C1EF1E4-FFE0-4CEB-8802-686A89A63347}.Debug|x64.ActiveCfg = Debug|x64
		{8C1EF1E4-FFE0-4CEB-8802-686A89A63347}.Debug|x64.Build.0 = Debug|x64
		{8C1EF1E4-FFE0-4CEB-8802-686A89A63347}.Debug|x86.ActiveCfg = Debug|Win32
		{8C1EF1E4-FFE0-4CEB-8802-686A89A63347}.Debug|x86.Build.0 = Debug|Win32
		{8C1EF1E4-FFE0-4CEB-8802-686A89A63347}.Release|x64.ActiveCfg = Release|x64
		{8C1EF1E4-FFE0-4CEB-8802-686A89A63347}.Release|x64.Build.0 = Release|x64
		{8C1EF1E4-FFE0-4CEB-8802-686A89A63347}.Release|x86.ActiveCfg = Release|Win32
		{8C1EF1E4-FFE0-4CEB-8802-686A89A63347}.Release|x86.Build.0 = Release|Win32
	EndGlobalSection
	GlobalSection(SolutionProperties) = preSolution
		HideSolutionNode = FALSE
	EndGlobalSection
	GlobalSection(ExtensibilityGlobals) = postSolution
		SolutionGuid = {072D407C-4D46-48D6-B581-14631C7B4CF6}
	EndGlobalSection
EndGlobal
